
Microsoft Visual Studio Solution File, Format Version 12.00
# Visual Studio Version 16
VisualStudioVersion = 16.0.31911.196
MinimumVisualStudioVersion = 10.0.40219.1
Project("{FAE04EC0-301F-11D3-BF4B-00C04F79EFBC}") = "DogMove", "DogMove.csproj", "{D2652B68-89F0-42A7-A633-8147AC5C801A}"
EndProject
Global
	GlobalSection(SolutionConfigurationPlatforms) = preSolution
		Debug|Any CPU = Debug|Any CPU
		Release|Any CPU = Release|Any CPU
	EndGlobalSection
	GlobalSection(ProjectConfigurationPlatforms) = postSolution
		{D2652B68-89F0-42A7-A633-8147AC5C801A}.Debug|Any CPU.ActiveCfg = Debug|Any CPU
		{D2652B68-89F0-42A7-A633-8147AC5C801A}.Debug|Any CPU.Build.0 = Debug|Any CPU
		{D2652B68-89F0-42A7-A633-8147AC5C801A}.Release|Any CPU.ActiveCfg = Release|Any CPU
		{D2652B68-89F0-42A7-A633-8147AC5C801A}.Release|Any CPU.Build.0 = Release|Any CPU
	EndGlobalSection
	GlobalSection(SolutionProperties) = preSolution
		HideSolutionNode = FALSE
	EndGlobalSection
	GlobalSection(ExtensibilityGlobals) = postSolution
		SolutionGuid = {6C8B56C0-09F3-48B4-937D-0F53D06E896D}
	EndGlobalSection
EndGlobal
